// !$*UTF8*$!
{
	archiveVersion = 1;
	classes = {
	};
	objectVersion = 51;
	objects = {

/* Begin PBXBuildFile section */
		D2B100AF5494940BD2CE4961 /* Pods_CurrencyConverter.framework in Frameworks */ = {isa = PBXBuildFile; fileRef = B35120D2D85F2D91F1AFB4D4 /* Pods_CurrencyConverter.framework */; };
		DD1B1A7022F33D25004B0A65 /* AppDelegate.swift in Sources */ = {isa = PBXBuildFile; fileRef = DD1B1A6F22F33D25004B0A65 /* AppDelegate.swift */; };
		DD1B1A7222F33D25004B0A65 /* RatesViewController.swift in Sources */ = {isa = PBXBuildFile; fileRef = DD1B1A7122F33D25004B0A65 /* RatesViewController.swift */; };
		DD1B1A7522F33D25004B0A65 /* Main.storyboard in Resources */ = {isa = PBXBuildFile; fileRef = DD1B1A7322F33D25004B0A65 /* Main.storyboard */; };
		DD1B1A7722F33D27004B0A65 /* Assets.xcassets in Resources */ = {isa = PBXBuildFile; fileRef = DD1B1A7622F33D27004B0A65 /* Assets.xcassets */; };
		DD1B1A7A22F33D27004B0A65 /* LaunchScreen.storyboard in Resources */ = {isa = PBXBuildFile; fileRef = DD1B1A7822F33D27004B0A65 /* LaunchScreen.storyboard */; };
		DD1B1A8222F341A4004B0A65 /* Currency.swift in Sources */ = {isa = PBXBuildFile; fileRef = DD1B1A8122F341A4004B0A65 /* Currency.swift */; };
		DD1B1A8422F37129004B0A65 /* CalculatorViewController.swift in Sources */ = {isa = PBXBuildFile; fileRef = DD1B1A8322F37129004B0A65 /* CalculatorViewController.swift */; };
		DD1B1A8622F371BF004B0A65 /* RateCell.swift in Sources */ = {isa = PBXBuildFile; fileRef = DD1B1A8522F371BF004B0A65 /* RateCell.swift */; };
		DD23FF2622F38898001F31E4 /* BaseCurrencyTableController.swift in Sources */ = {isa = PBXBuildFile; fileRef = DD23FF2522F38898001F31E4 /* BaseCurrencyTableController.swift */; };
		DD23FF2822F39A44001F31E4 /* CurrencyService.swift in Sources */ = {isa = PBXBuildFile; fileRef = DD23FF2722F39A44001F31E4 /* CurrencyService.swift */; };
		DD3F693922F3C7720063EE3A /* FixerConstants.swift in Sources */ = {isa = PBXBuildFile; fileRef = DD3F693822F3C7720063EE3A /* FixerConstants.swift */; };
		DD3F693B22F3D78A0063EE3A /* CurrencyNavigationController.swift in Sources */ = {isa = PBXBuildFile; fileRef = DD3F693A22F3D78A0063EE3A /* CurrencyNavigationController.swift */; };
		DDABAE4B22F4886100A03B3E /* NumberKeyPad.swift in Sources */ = {isa = PBXBuildFile; fileRef = DDABAE4A22F4886100A03B3E /* NumberKeyPad.swift */; };
		DDABAE4F22F4925B00A03B3E /* String+Extensions.swift in Sources */ = {isa = PBXBuildFile; fileRef = DDABAE4E22F4925B00A03B3E /* String+Extensions.swift */; };
/* End PBXBuildFile section */

/* Begin PBXFileReference section */
		15DEB1A6DC4D59E188493358 /* Pods-CurrencyConverter.release.xcconfig */ = {isa = PBXFileReference; includeInIndex = 1; lastKnownFileType = text.xcconfig; name = "Pods-CurrencyConverter.release.xcconfig"; path = "Target Support Files/Pods-CurrencyConverter/Pods-CurrencyConverter.release.xcconfig"; sourceTree = "<group>"; };
		79664B81D7FCAAB6A63C32BB /* Pods-CurrencyConverter.debug.xcconfig */ = {isa = PBXFileReference; includeInIndex = 1; lastKnownFileType = text.xcconfig; name = "Pods-CurrencyConverter.debug.xcconfig"; path = "Target Support Files/Pods-CurrencyConverter/Pods-CurrencyConverter.debug.xcconfig"; sourceTree = "<group>"; };
		B35120D2D85F2D91F1AFB4D4 /* Pods_CurrencyConverter.framework */ = {isa = PBXFileReference; explicitFileType = wrapper.framework; includeInIndex = 0; path = Pods_CurrencyConverter.framework; sourceTree = BUILT_PRODUCTS_DIR; };
		DD1B1A6C22F33D24004B0A65 /* CurrencyConverter.app */ = {isa = PBXFileReference; explicitFileType = wrapper.application; includeInIndex = 0; path = CurrencyConverter.app; sourceTree = BUILT_PRODUCTS_DIR; };
		DD1B1A6F22F33D25004B0A65 /* AppDelegate.swift */ = {isa = PBXFileReference; lastKnownFileType = sourcecode.swift; path = AppDelegate.swift; sourceTree = "<group>"; };
		DD1B1A7122F33D25004B0A65 /* RatesViewController.swift */ = {isa = PBXFileReference; lastKnownFileType = sourcecode.swift; path = RatesViewController.swift; sourceTree = "<group>"; };
		DD1B1A7422F33D25004B0A65 /* Base */ = {isa = PBXFileReference; lastKnownFileType = file.storyboard; name = Base; path = Base.lproj/Main.storyboard; sourceTree = "<group>"; };
		DD1B1A7622F33D27004B0A65 /* Assets.xcassets */ = {isa = PBXFileReference; lastKnownFileType = folder.assetcatalog; path = Assets.xcassets; sourceTree = "<group>"; };
		DD1B1A7922F33D27004B0A65 /* Base */ = {isa = PBXFileReference; lastKnownFileType = file.storyboard; name = Base; path = Base.lproj/LaunchScreen.storyboard; sourceTree = "<group>"; };
		DD1B1A7B22F33D27004B0A65 /* Info.plist */ = {isa = PBXFileReference; lastKnownFileType = text.plist.xml; path = Info.plist; sourceTree = "<group>"; };
		DD1B1A8122F341A4004B0A65 /* Currency.swift */ = {isa = PBXFileReference; lastKnownFileType = sourcecode.swift; path = Currency.swift; sourceTree = "<group>"; };
		DD1B1A8322F37129004B0A65 /* CalculatorViewController.swift */ = {isa = PBXFileReference; lastKnownFileType = sourcecode.swift; path = CalculatorViewController.swift; sourceTree = "<group>"; };
		DD1B1A8522F371BF004B0A65 /* RateCell.swift */ = {isa = PBXFileReference; lastKnownFileType = sourcecode.swift; path = RateCell.swift; sourceTree = "<group>"; };
		DD23FF2522F38898001F31E4 /* BaseCurrencyTableController.swift */ = {isa = PBXFileReference; lastKnownFileType = sourcecode.swift; path = BaseCurrencyTableController.swift; sourceTree = "<group>"; };
		DD23FF2722F39A44001F31E4 /* CurrencyService.swift */ = {isa = PBXFileReference; lastKnownFileType = sourcecode.swift; path = CurrencyService.swift; sourceTree = "<group>"; };
		DD3F693822F3C7720063EE3A /* FixerConstants.swift */ = {isa = PBXFileReference; lastKnownFileType = sourcecode.swift; path = FixerConstants.swift; sourceTree = "<group>"; };
		DD3F693A22F3D78A0063EE3A /* CurrencyNavigationController.swift */ = {isa = PBXFileReference; lastKnownFileType = sourcecode.swift; path = CurrencyNavigationController.swift; sourceTree = "<group>"; };
		DDABAE4A22F4886100A03B3E /* NumberKeyPad.swift */ = {isa = PBXFileReference; lastKnownFileType = sourcecode.swift; path = NumberKeyPad.swift; sourceTree = "<group>"; };
		DDABAE4E22F4925B00A03B3E /* String+Extensions.swift */ = {isa = PBXFileReference; lastKnownFileType = sourcecode.swift; path = "String+Extensions.swift"; sourceTree = "<group>"; };
/* End PBXFileReference section */

/* Begin PBXFrameworksBuildPhase section */
		DD1B1A6922F33D24004B0A65 /* Frameworks */ = {
			isa = PBXFrameworksBuildPhase;
			buildActionMask = 2147483647;
			files = (
				D2B100AF5494940BD2CE4961 /* Pods_CurrencyConverter.framework in Frameworks */,
			);
			runOnlyForDeploymentPostprocessing = 0;
		};
/* End PBXFrameworksBuildPhase section */

/* Begin PBXGroup section */
		4F7E57C61E6830751A4DFEC0 /* Pods */ = {
			isa = PBXGroup;
			children = (
				79664B81D7FCAAB6A63C32BB /* Pods-CurrencyConverter.debug.xcconfig */,
				15DEB1A6DC4D59E188493358 /* Pods-CurrencyConverter.release.xcconfig */,
			);
			path = Pods;
			sourceTree = "<group>";
		};
		DA6E25BA0A671ED70C182DC9 /* Frameworks */ = {
			isa = PBXGroup;
			children = (
				B35120D2D85F2D91F1AFB4D4 /* Pods_CurrencyConverter.framework */,
			);
			name = Frameworks;
			sourceTree = "<group>";
		};
		DD1B1A6322F33D24004B0A65 = {
			isa = PBXGroup;
			children = (
				DD1B1A6E22F33D25004B0A65 /* CurrencyConverter */,
				DD3F693C22F3DF530063EE3A /* Resources */,
				DD1B1A6D22F33D24004B0A65 /* Products */,
				4F7E57C61E6830751A4DFEC0 /* Pods */,
				DA6E25BA0A671ED70C182DC9 /* Frameworks */,
			);
			sourceTree = "<group>";
		};
		DD1B1A6D22F33D24004B0A65 /* Products */ = {
			isa = PBXGroup;
			children = (
				DD1B1A6C22F33D24004B0A65 /* CurrencyConverter.app */,
			);
			name = Products;
			sourceTree = "<group>";
		};
		DD1B1A6E22F33D25004B0A65 /* CurrencyConverter */ = {
			isa = PBXGroup;
			children = (
				DD1B1A6F22F33D25004B0A65 /* AppDelegate.swift */,
				DD1B1A7322F33D25004B0A65 /* Main.storyboard */,
				DD1B1A7122F33D25004B0A65 /* RatesViewController.swift */,
				DD3F693A22F3D78A0063EE3A /* CurrencyNavigationController.swift */,
				DD23FF2522F38898001F31E4 /* BaseCurrencyTableController.swift */,
				DD1B1A8322F37129004B0A65 /* CalculatorViewController.swift */,
				DD1B1A8122F341A4004B0A65 /* Currency.swift */,
				DD1B1A8522F371BF004B0A65 /* RateCell.swift */,
				DD23FF2722F39A44001F31E4 /* CurrencyService.swift */,
				DD3F693822F3C7720063EE3A /* FixerConstants.swift */,
				DDABAE4A22F4886100A03B3E /* NumberKeyPad.swift */,
				DDABAE4E22F4925B00A03B3E /* String+Extensions.swift */,
			);
			path = CurrencyConverter;
			sourceTree = "<group>";
		};
		DD3F693C22F3DF530063EE3A /* Resources */ = {
			isa = PBXGroup;
			children = (
				DD1B1A7822F33D27004B0A65 /* LaunchScreen.storyboard */,
				DD1B1A7622F33D27004B0A65 /* Assets.xcassets */,
				DD1B1A7B22F33D27004B0A65 /* Info.plist */,
			);
			path = Resources;
			sourceTree = "<group>";
		};
/* End PBXGroup section */

/* Begin PBXNativeTarget section */
		DD1B1A6B22F33D24004B0A65 /* CurrencyConverter */ = {
			isa = PBXNativeTarget;
			buildConfigurationList = DD1B1A7E22F33D27004B0A65 /* Build configuration list for PBXNativeTarget "CurrencyConverter" */;
			buildPhases = (
				859249AB233E6EE46F2A4ED6 /* [CP] Check Pods Manifest.lock */,
				DD1B1A6822F33D24004B0A65 /* Sources */,
				DD1B1A6922F33D24004B0A65 /* Frameworks */,
				DD1B1A6A22F33D24004B0A65 /* Resources */,
				E4EBBD81C9F3F9B296416582 /* [CP] Embed Pods Frameworks */,
			);
			buildRules = (
			);
			dependencies = (
			);
			name = CurrencyConverter;
			productName = CurrencyConverter;
			productReference = DD1B1A6C22F33D24004B0A65 /* CurrencyConverter.app */;
			productType = "com.apple.product-type.application";
		};
/* End PBXNativeTarget section */

/* Begin PBXProject section */
		DD1B1A6422F33D24004B0A65 /* Project object */ = {
			isa = PBXProject;
			attributes = {
				LastSwiftUpdateCheck = 1030;
				LastUpgradeCheck = 1030;
				ORGANIZATIONNAME = "Arturo Reyes";
				TargetAttributes = {
					DD1B1A6B22F33D24004B0A65 = {
						CreatedOnToolsVersion = 10.3;
					};
				};
			};
			buildConfigurationList = DD1B1A6722F33D24004B0A65 /* Build configuration list for PBXProject "CurrencyConverter" */;
			compatibilityVersion = "Xcode 9.3";
			developmentRegion = en;
			hasScannedForEncodings = 0;
			knownRegions = (
				en,
				Base,
			);
			mainGroup = DD1B1A6322F33D24004B0A65;
			productRefGroup = DD1B1A6D22F33D24004B0A65 /* Products */;
			projectDirPath = "";
			projectRoot = "";
			targets = (
				DD1B1A6B22F33D24004B0A65 /* CurrencyConverter */,
			);
		};
/* End PBXProject section */

/* Begin PBXResourcesBuildPhase section */
		DD1B1A6A22F33D24004B0A65 /* Resources */ = {
			isa = PBXResourcesBuildPhase;
			buildActionMask = 2147483647;
			files = (
				DD1B1A7A22F33D27004B0A65 /* LaunchScreen.storyboard in Resources */,
				DD1B1A7722F33D27004B0A65 /* Assets.xcassets in Resources */,
				DD1B1A7522F33D25004B0A65 /* Main.storyboard in Resources */,
			);
			runOnlyForDeploymentPostprocessing = 0;
		};
/* End PBXResourcesBuildPhase section */

/* Begin PBXShellScriptBuildPhase section */
		859249AB233E6EE46F2A4ED6 /* [CP] Check Pods Manifest.lock */ = {
			isa = PBXShellScriptBuildPhase;
			buildActionMask = 2147483647;
			files = (
			);
			inputFileListPaths = (
			);
			inputPaths = (
				"${PODS_PODFILE_DIR_PATH}/Podfile.lock",
				"${PODS_ROOT}/Manifest.lock",
			);
			name = "[CP] Check Pods Manifest.lock";
			outputFileListPaths = (
			);
			outputPaths = (
				"$(DERIVED_FILE_DIR)/Pods-CurrencyConverter-checkManifestLockResult.txt",
			);
			runOnlyForDeploymentPostprocessing = 0;
			shellPath = /bin/sh;
			shellScript = "diff \"${PODS_PODFILE_DIR_PATH}/Podfile.lock\" \"${PODS_ROOT}/Manifest.lock\" > /dev/null\nif [ $? != 0 ] ; then\n    # print error to STDERR\n    echo \"error: The sandbox is not in sync with the Podfile.lock. Run 'pod install' or update your CocoaPods installation.\" >&2\n    exit 1\nfi\n# This output is used by Xcode 'outputs' to avoid re-running this script phase.\necho \"SUCCESS\" > \"${SCRIPT_OUTPUT_FILE_0}\"\n";
			showEnvVarsInLog = 0;
		};
		E4EBBD81C9F3F9B296416582 /* [CP] Embed Pods Frameworks */ = {
			isa = PBXShellScriptBuildPhase;
			buildActionMask = 2147483647;
			files = (
			);
			inputFileListPaths = (
				"${PODS_ROOT}/Target Support Files/Pods-CurrencyConverter/Pods-CurrencyConverter-frameworks-${CONFIGURATION}-input-files.xcfilelist",
			);
			name = "[CP] Embed Pods Frameworks";
			outputFileListPaths = (
				"${PODS_ROOT}/Target Support Files/Pods-CurrencyConverter/Pods-CurrencyConverter-frameworks-${CONFIGURATION}-output-files.xcfilelist",
			);
			runOnlyForDeploymentPostprocessing = 0;
			shellPath = /bin/sh;
			shellScript = "\"${PODS_ROOT}/Target Support Files/Pods-CurrencyConverter/Pods-CurrencyConverter-frameworks.sh\"\n";
			showEnvVarsInLog = 0;
		};
/* End PBXShellScriptBuildPhase section */

/* Begin PBXSourcesBuildPhase section */
		DD1B1A6822F33D24004B0A65 /* Sources */ = {
			isa = PBXSourcesBuildPhase;
			buildActionMask = 2147483647;
			files = (
				DD1B1A8422F37129004B0A65 /* CalculatorViewController.swift in Sources */,
				DD1B1A7222F33D25004B0A65 /* RatesViewController.swift in Sources */,
				DD3F693B22F3D78A0063EE3A /* CurrencyNavigationController.swift in Sources */,
				DD3F693922F3C7720063EE3A /* FixerConstants.swift in Sources */,
				DDABAE4F22F4925B00A03B3E /* String+Extensions.swift in Sources */,
				DDABAE4B22F4886100A03B3E /* NumberKeyPad.swift in Sources */,
				DD23FF2822F39A44001F31E4 /* CurrencyService.swift in Sources */,
				DD1B1A8622F371BF004B0A65 /* RateCell.swift in Sources */,
				DD23FF2622F38898001F31E4 /* BaseCurrencyTableController.swift in Sources */,
				DD1B1A8222F341A4004B0A65 /* Currency.swift in Sources */,
				DD1B1A7022F33D25004B0A65 /* AppDelegate.swift in Sources */,
			);
			runOnlyForDeploymentPostprocessing = 0;
		};
/* End PBXSourcesBuildPhase section */

/* Begin PBXVariantGroup section */
		DD1B1A7322F33D25004B0A65 /* Main.storyboard */ = {
			isa = PBXVariantGroup;
			children = (
				DD1B1A7422F33D25004B0A65 /* Base */,
			);
			name = Main.storyboard;
			sourceTree = "<group>";
		};
		DD1B1A7822F33D27004B0A65 /* LaunchScreen.storyboard */ = {
			isa = PBXVariantGroup;
			children = (
				DD1B1A7922F33D27004B0A65 /* Base */,
			);
			name = LaunchScreen.storyboard;
			sourceTree = "<group>";
		};
/* End PBXVariantGroup section */

/* Begin XCBuildConfiguration section */
		DD1B1A7C22F33D27004B0A65 /* Debug */ = {
			isa = XCBuildConfiguration;
			buildSettings = {
				ALWAYS_SEARCH_USER_PATHS = NO;
				CLANG_ANALYZER_NONNULL = YES;
				CLANG_ANALYZER_NUMBER_OBJECT_CONVERSION = YES_AGGRESSIVE;
				CLANG_CXX_LANGUAGE_STANDARD = "gnu++14";
				CLANG_CXX_LIBRARY = "libc++";
				CLANG_ENABLE_MODULES = YES;
				CLANG_ENABLE_OBJC_ARC = YES;
				CLANG_ENABLE_OBJC_WEAK = YES;
				CLANG_WARN_BLOCK_CAPTURE_AUTORELEASING = YES;
				CLANG_WARN_BOOL_CONVERSION = YES;
				CLANG_WARN_COMMA = YES;
				CLANG_WARN_CONSTANT_CONVERSION = YES;
				CLANG_WARN_DEPRECATED_OBJC_IMPLEMENTATIONS = YES;
				CLANG_WARN_DIRECT_OBJC_ISA_USAGE = YES_ERROR;
				CLANG_WARN_DOCUMENTATION_COMMENTS = YES;
				CLANG_WARN_EMPTY_BODY = YES;
				CLANG_WARN_ENUM_CONVERSION = YES;
				CLANG_WARN_INFINITE_RECURSION = YES;
				CLANG_WARN_INT_CONVERSION = YES;
				CLANG_WARN_NON_LITERAL_NULL_CONVERSION = YES;
				CLANG_WARN_OBJC_IMPLICIT_RETAIN_SELF = YES;
				CLANG_WARN_OBJC_LITERAL_CONVERSION = YES;
				CLANG_WARN_OBJC_ROOT_CLASS = YES_ERROR;
				CLANG_WARN_RANGE_LOOP_ANALYSIS = YES;
				CLANG_WARN_STRICT_PROTOTYPES = YES;
				CLANG_WARN_SUSPICIOUS_MOVE = YES;
				CLANG_WARN_UNGUARDED_AVAILABILITY = YES_AGGRESSIVE;
				CLANG_WARN_UNREACHABLE_CODE = YES;
				CLANG_WARN__DUPLICATE_METHOD_MATCH = YES;
				CODE_SIGN_IDENTITY = "iPhone Developer";
				COPY_PHASE_STRIP = NO;
				DEBUG_INFORMATION_FORMAT = dwarf;
				ENABLE_STRICT_OBJC_MSGSEND = YES;
				ENABLE_TESTABILITY = YES;
				GCC_C_LANGUAGE_STANDARD = gnu11;
				GCC_DYNAMIC_NO_PIC = NO;
				GCC_NO_COMMON_BLOCKS = YES;
				GCC_OPTIMIZATION_LEVEL = 0;
				GCC_PREPROCESSOR_DEFINITIONS = (
					"DEBUG=1",
					"$(inherited)",
				);
				GCC_WARN_64_TO_32_BIT_CONVERSION = YES;
				GCC_WARN_ABOUT_RETURN_TYPE = YES_ERROR;
				GCC_WARN_UNDECLARED_SELECTOR = YES;
				GCC_WARN_UNINITIALIZED_AUTOS = YES_AGGRESSIVE;
				GCC_WARN_UNUSED_FUNCTION = YES;
				GCC_WARN_UNUSED_VARIABLE = YES;
				IPHONEOS_DEPLOYMENT_TARGET = 12.4;
				MTL_ENABLE_DEBUG_INFO = INCLUDE_SOURCE;
				MTL_FAST_MATH = YES;
				ONLY_ACTIVE_ARCH = YES;
				SDKROOT = iphoneos;
				SWIFT_ACTIVE_COMPILATION_CONDITIONS = DEBUG;
				SWIFT_OPTIMIZATION_LEVEL = "-Onone";
			};
			name = Debug;
		};
		DD1B1A7D22F33D27004B0A65 /* Release */ = {
			isa = XCBuildConfiguration;
			buildSettings = {
				ALWAYS_SEARCH_USER_PATHS = NO;
				CLANG_ANALYZER_NONNULL = YES;
				CLANG_ANALYZER_NUMBER_OBJECT_CONVERSION = YES_AGGRESSIVE;
				CLANG_CXX_LANGUAGE_STANDARD = "gnu++14";
				CLANG_CXX_LIBRARY = "libc++";
				CLANG_ENABLE_MODULES = YES;
				CLANG_ENABLE_OBJC_ARC = YES;
				CLANG_ENABLE_OBJC_WEAK = YES;
				CLANG_WARN_BLOCK_CAPTURE_AUTORELEASING = YES;
				CLANG_WARN_BOOL_CONVERSION = YES;
				CLANG_WARN_COMMA = YES;
				CLANG_WARN_CONSTANT_CONVERSION = YES;
				CLANG_WARN_DEPRECATED_OBJC_IMPLEMENTATIONS = YES;
				CLANG_WARN_DIRECT_OBJC_ISA_USAGE = YES_ERROR;
				CLANG_WARN_DOCUMENTATION_COMMENTS = YES;
				CLANG_WARN_EMPTY_BODY = YES;
				CLANG_WARN_ENUM_CONVERSION = YES;
				CLANG_WARN_INFINITE_RECURSION = YES;
				CLANG_WARN_INT_CONVERSION = YES;
				CLANG_WARN_NON_LITERAL_NULL_CONVERSION = YES;
				CLANG_WARN_OBJC_IMPLICIT_RETAIN_SELF = YES;
				CLANG_WARN_OBJC_LITERAL_CONVERSION = YES;
				CLANG_WARN_OBJC_ROOT_CLASS = YES_ERROR;
				CLANG_WARN_RANGE_LOOP_ANALYSIS = YES;
				CLANG_WARN_STRICT_PROTOTYPES = YES;
				CLANG_WARN_SUSPICIOUS_MOVE = YES;
				CLANG_WARN_UNGUARDED_AVAILABILITY = YES_AGGRESSIVE;
				CLANG_WARN_UNREACHABLE_CODE = YES;
				CLANG_WARN__DUPLICATE_METHOD_MATCH = YES;
				CODE_SIGN_IDENTITY = "iPhone Developer";
				COPY_PHASE_STRIP = NO;
				DEBUG_INFORMATION_FORMAT = "dwarf-with-dsym";
				ENABLE_NS_ASSERTIONS = NO;
				ENABLE_STRICT_OBJC_MSGSEND = YES;
				GCC_C_LANGUAGE_STANDARD = gnu11;
				GCC_NO_COMMON_BLOCKS = YES;
				GCC_WARN_64_TO_32_BIT_CONVERSION = YES;
				GCC_WARN_ABOUT_RETURN_TYPE = YES_ERROR;
				GCC_WARN_UNDECLARED_SELECTOR = YES;
				GCC_WARN_UNINITIALIZED_AUTOS = YES_AGGRESSIVE;
				GCC_WARN_UNUSED_FUNCTION = YES;
				GCC_WARN_UNUSED_VARIABLE = YES;
				IPHONEOS_DEPLOYMENT_TARGET = 12.4;
				MTL_ENABLE_DEBUG_INFO = NO;
				MTL_FAST_MATH = YES;
				SDKROOT = iphoneos;
				SWIFT_COMPILATION_MODE = wholemodule;
				SWIFT_OPTIMIZATION_LEVEL = "-O";
				VALIDATE_PRODUCT = YES;
			};
			name = Release;
		};
		DD1B1A7F22F33D27004B0A65 /* Debug */ = {
			isa = XCBuildConfiguration;
			baseConfigurationReference = 79664B81D7FCAAB6A63C32BB /* Pods-CurrencyConverter.debug.xcconfig */;
			buildSettings = {
				ASSETCATALOG_COMPILER_APPICON_NAME = AppIcon;
				CODE_SIGN_STYLE = Automatic;
				DEVELOPMENT_TEAM = L49JS5X5VY;
				INFOPLIST_FILE = "$(SRCROOT)/Resources/Info.plist";
				IPHONEOS_DEPLOYMENT_TARGET = 12.2;
				LD_RUNPATH_SEARCH_PATHS = (
					"$(inherited)",
					"@executable_path/Frameworks",
				);
				PRODUCT_BUNDLE_IDENTIFIER = arturoreyes.CurrencyConverter;
				PRODUCT_NAME = "$(TARGET_NAME)";
				SWIFT_VERSION = 5.0;
				TARGETED_DEVICE_FAMILY = "1,2";
			};
			name = Debug;
		};
		DD1B1A8022F33D27004B0A65 /* Release */ = {
			isa = XCBuildConfiguration;
			baseConfigurationReference = 15DEB1A6DC4D59E188493358 /* Pods-CurrencyConverter.release.xcconfig */;
			buildSettings = {
				ASSETCATALOG_COMPILER_APPICON_NAME = AppIcon;
				CODE_SIGN_STYLE = Automatic;
				DEVELOPMENT_TEAM = L49JS5X5VY;
				INFOPLIST_FILE = "$(SRCROOT)/Resources/Info.plist";
				IPHONEOS_DEPLOYMENT_TARGET = 12.2;
				LD_RUNPATH_SEARCH_PATHS = (
					"$(inherited)",
					"@executable_path/Frameworks",
				);
				PRODUCT_BUNDLE_IDENTIFIER = arturoreyes.CurrencyConverter;
				PRODUCT_NAME = "$(TARGET_NAME)";
				SWIFT_VERSION = 5.0;
				TARGETED_DEVICE_FAMILY = "1,2";
			};
			name = Release;
		};
/* End XCBuildConfiguration section */

/* Begin XCConfigurationList section */
		DD1B1A6722F33D24004B0A65 /* Build configuration list for PBXProject "CurrencyConverter" */ = {
			isa = XCConfigurationList;
			buildConfigurations = (
				DD1B1A7C22F33D27004B0A65 /* Debug */,
				DD1B1A7D22F33D27004B0A65 /* Release */,
			);
			defaultConfigurationIsVisible = 0;
			defaultConfigurationName = Release;
		};
		DD1B1A7E22F33D27004B0A65 /* Build configuration list for PBXNativeTarget "CurrencyConverter" */ = {
			isa = XCConfigurationList;
			buildConfigurations = (
				DD1B1A7F22F33D27004B0A65 /* Debug */,
				DD1B1A8022F33D27004B0A65 /* Release */,
			);
			defaultConfigurationIsVisible = 0;
			defaultConfigurationName = Release;
		};
/* End XCConfigurationList section */
	};
	rootObject = DD1B1A6422F33D24004B0A65 /* Project object */;
}
